
Microsoft Visual Studio Solution File, Format Version 12.00
# Visual Studio Version 16
VisualStudioVersion = 16.0.33027.164
MinimumVisualStudioVersion = 10.0.40219.1
Project("{FAE04EC0-301F-11D3-BF4B-00C04F79EFBC}") = "Edad_En_Otrp_Planeta", "Edad_En_Otrp_Planeta\Edad_En_Otrp_Planeta.csproj", "{1B91BD48-41AA-49AD-AE4A-D791858A0879}"
EndProject
Global
	GlobalSection(SolutionConfigurationPlatforms) = preSolution
		Debug|Any CPU = Debug|Any CPU
		Release|Any CPU = Release|Any CPU
	EndGlobalSection
	GlobalSection(ProjectConfigurationPlatforms) = postSolution
		{1B91BD48-41AA-49AD-AE4A-D791858A0879}.Debug|Any CPU.ActiveCfg = Debug|Any CPU
		{1B91BD48-41AA-49AD-AE4A-D791858A0879}.Debug|Any CPU.Build.0 = Debug|Any CPU
		{1B91BD48-41AA-49AD-AE4A-D791858A0879}.Release|Any CPU.ActiveCfg = Release|Any CPU
		{1B91BD48-41AA-49AD-AE4A-D791858A0879}.Release|Any CPU.Build.0 = Release|Any CPU
	EndGlobalSection
	GlobalSection(SolutionProperties) = preSolution
		HideSolutionNode = FALSE
	EndGlobalSection
	GlobalSection(ExtensibilityGlobals) = postSolution
		SolutionGuid = {3CA59468-A234-4F1A-B74B-7ABB3234745B}
	EndGlobalSection
EndGlobal
